
Microsoft Visual Studio Solution File, Format Version 12.00
# Visual Studio Version 17
VisualStudioVersion = 17.14.36408.4 d17.14
MinimumVisualStudioVersion = 10.0.40219.1
Project("{FAE04EC0-301F-11D3-BF4B-00C04F79EFBC}") = "Daheng Telescope", "Daheng Telescope\Daheng Telescope.csproj", "{C2EA37C6-2BC5-4687-B6F9-A43E1D8FB448}"
EndProject
Global
	GlobalSection(SolutionConfigurationPlatforms) = preSolution
		Debug|Any CPU = Debug|Any CPU
		Release|Any CPU = Release|Any CPU
	EndGlobalSection
	GlobalSection(ProjectConfigurationPlatforms) = postSolution
		{C2EA37C6-2BC5-4687-B6F9-A43E1D8FB448}.Debug|Any CPU.ActiveCfg = Debug|Any CPU
		{C2EA37C6-2BC5-4687-B6F9-A43E1D8FB448}.Debug|Any CPU.Build.0 = Debug|Any CPU
		{C2EA37C6-2BC5-4687-B6F9-A43E1D8FB448}.Release|Any CPU.ActiveCfg = Release|Any CPU
		{C2EA37C6-2BC5-4687-B6F9-A43E1D8FB448}.Release|Any CPU.Build.0 = Release|Any CPU
	EndGlobalSection
	GlobalSection(SolutionProperties) = preSolution
		HideSolutionNode = FALSE
	EndGlobalSection
	GlobalSection(ExtensibilityGlobals) = postSolution
		SolutionGuid = {2F0D72F2-D452-46D0-BF42-7F28A4E85585}
	EndGlobalSection
EndGlobal
